# This file is automatically @generated by Cargo.
# It is not intended for manual editing.
version = 4

[[package]]
name = "screen-bridge-core"
version = "0.1.0"

[[package]]
name = "screen-bridge-host"
version = "0.1.0"
dependencies = [
 "screen-bridge-core",
]

[[package]]
name = "screen-bridge-viewer"
version = "0.1.0"
dependencies = [
 "screen-bridge-core",
]
